<?xml version="1.0" encoding="utf-8"?>
<Project ToolsVersion="4.0" xmlns="http://schemas.microsoft.com/developer/msbuild/2003">
  <ItemGroup>
    <Filter Include="default">
      <UniqueIdentifier>{b26cbef0-e3c2-4882-a114-984fc159cba5}</UniqueIdentifier>
    </Filter>
    <Filter Include="main">
      <UniqueIdentifier>{4FC737F1-C7A5-4376-A066-2A32D752A2FF}</UniqueIdentifier>
      <Extensions>cpp;c;cc;cxx;c++;cppm;ixx;def;odl;idl;hpj;bat;asm;asmx</Extensions>
    </Filter>
    <Filter Include="main\01. Header">
      <UniqueIdentifier>{1c093566-b263-454a-8d91-ccafa48c2b94}</UniqueIdentifier>
    </Filter>
    <Filter Include="main\02. Engine">
      <UniqueIdentifier>{db506830-53b6-4ad8-b20c-794f6dd488aa}</UniqueIdentifier>
    </Filter>
    <Filter Include="main\03. Manager">
      <UniqueIdentifier>{7e709794-957b-48c3-96c9-e5927bf03c24}</UniqueIdentifier>
    </Filter>
    <Filter Include="main\05. Object">
      <UniqueIdentifier>{99829692-3adb-4040-a687-f15938c8a80e}</UniqueIdentifier>
    </Filter>
    <Filter Include="main\04. Level">
      <UniqueIdentifier>{8107c8e6-a7e7-47f5-b72f-ec6b4cf7a6ba}</UniqueIdentifier>
    </Filter>
    <Filter Include="main\Module">
      <UniqueIdentifier>{b56faab1-898d-4a79-83bb-9188de4fd5c9}</UniqueIdentifier>
    </Filter>
    <Filter Include="main\06. Component">
      <UniqueIdentifier>{f30697ce-5340-4abe-8c1b-165cf4ead87d}</UniqueIdentifier>
    </Filter>
    <Filter Include="main\06. Component\01. Collider">
      <UniqueIdentifier>{05ff1ef6-2c70-4c35-902a-0c75cbd20a97}</UniqueIdentifier>
    </Filter>
    <Filter Include="main\03. Manager\01. Key">
      <UniqueIdentifier>{9bb7e88f-fb80-42e3-b985-07584a885b01}</UniqueIdentifier>
    </Filter>
    <Filter Include="main\03. Manager\02. Level">
      <UniqueIdentifier>{b795da64-bf36-45d4-bca4-167a53dcee1c}</UniqueIdentifier>
    </Filter>
    <Filter Include="main\03. Manager\03. Task">
      <UniqueIdentifier>{0a62d11d-997d-4147-a700-f84c0ee673e4}</UniqueIdentifier>
    </Filter>
    <Filter Include="main\03. Manager\04. Time">
      <UniqueIdentifier>{ebe4cf26-bab7-478c-88f1-c518b5e61e13}</UniqueIdentifier>
    </Filter>
    <Filter Include="main\03. Manager\05. DebugRender">
      <UniqueIdentifier>{582b1b49-b243-4e51-b533-2a0b00c06093}</UniqueIdentifier>
    </Filter>
    <Filter Include="main\03. Manager\06. Collision">
      <UniqueIdentifier>{a2882b15-697a-45d7-a519-0d1e42cc9d88}</UniqueIdentifier>
    </Filter>
    <Filter Include="main\07. Resource">
      <UniqueIdentifier>{2f1bee8b-c0e5-4a0b-aca9-99ea76dcca20}</UniqueIdentifier>
    </Filter>
    <Filter Include="main\07. Resource\01. Texture">
      <UniqueIdentifier>{90a242ce-144b-4dee-b0f3-d26b5c612fe0}</UniqueIdentifier>
    </Filter>
    <Filter Include="main\03. Manager\07. NPK">
      <UniqueIdentifier>{87569e12-132a-4635-929b-1f20e519654e}</UniqueIdentifier>
    </Filter>
    <Filter Include="main\07. Resource\02. Album">
      <UniqueIdentifier>{2676dd6e-9ce1-4ea6-8c4c-bf5c7f02f0c9}</UniqueIdentifier>
    </Filter>
    <Filter Include="main\06. Component\02. AlbumPlayer">
      <UniqueIdentifier>{d852777c-8866-4baa-bf57-b04875d8c6ca}</UniqueIdentifier>
    </Filter>
    <Filter Include="main\03. Manager\08. Texture">
      <UniqueIdentifier>{1fdac56f-b2e1-4842-bc13-a67713d02db5}</UniqueIdentifier>
    </Filter>
    <Filter Include="main\03. Manager\09.DirectXTex">
      <UniqueIdentifier>{29e222fc-1f2d-4689-9618-8a3eaf4d07ca}</UniqueIdentifier>
    </Filter>
    <Filter Include="main\03. Manager\10. Text">
      <UniqueIdentifier>{11cfdcdb-9297-4145-b4ff-67ff097e586a}</UniqueIdentifier>
    </Filter>
    <Filter Include="main\05. Object\01.UI">
      <UniqueIdentifier>{ccacb245-7920-489c-9f4d-20af44badd7e}</UniqueIdentifier>
    </Filter>
    <Filter Include="main\03. Manager\11. Camera">
      <UniqueIdentifier>{892397ee-99d7-4f12-bf61-a42c2aa1b6c0}</UniqueIdentifier>
    </Filter>
    <Filter Include="main\05. Object\02. Map">
      <UniqueIdentifier>{0982a8a4-15f4-4fc5-b9e4-1046ccb27ee6}</UniqueIdentifier>
    </Filter>
    <Filter Include="main\05. Object\02. Map\01. Background">
      <UniqueIdentifier>{44a341d7-f39d-4089-af09-4080a8204086}</UniqueIdentifier>
    </Filter>
    <Filter Include="main\05. Object\01.UI\01. Button">
      <UniqueIdentifier>{3b7ce3ea-286c-485a-b94f-4c9265f63514}</UniqueIdentifier>
    </Filter>
    <Filter Include="main\03. Manager\12. UI">
      <UniqueIdentifier>{b5797a3d-3db0-428d-947c-a9862ed49cfe}</UniqueIdentifier>
    </Filter>
    <Filter Include="main\04. Level\Edit">
      <UniqueIdentifier>{0d7a481b-a3cb-4580-830a-f071db914693}</UniqueIdentifier>
    </Filter>
    <Filter Include="main\04. Level\Start">
      <UniqueIdentifier>{9d4bdd6c-6e5e-4e1f-ab89-6ed179b1922c}</UniqueIdentifier>
    </Filter>
    <Filter Include="main\04. Level\DungeonMaker">
      <UniqueIdentifier>{5bc4cd39-cc41-4c5b-90dd-ddf0dd8dcfa3}</UniqueIdentifier>
    </Filter>
    <Filter Include="main\05. Object\03. Monster">
      <UniqueIdentifier>{86e47505-f39b-4d77-9f5a-b1c3d5661fe8}</UniqueIdentifier>
    </Filter>
    <Filter Include="main\05. Object\04. NPC">
      <UniqueIdentifier>{84faaa50-ad7e-4978-9623-49a56880e80e}</UniqueIdentifier>
    </Filter>
    <Filter Include="main\03. Manager\13. Sound">
      <UniqueIdentifier>{79909f9c-d3e1-468c-949d-9b17940110f8}</UniqueIdentifier>
    </Filter>
    <Filter Include="main\07. Resource\03. Sound">
      <UniqueIdentifier>{644f2d16-49c7-46c6-af28-6fbfca0ef955}</UniqueIdentifier>
    </Filter>
    <Filter Include="main\05. Object\02. Map\02. Portal">
      <UniqueIdentifier>{7c96b146-2c04-480b-8c13-abda92255f1e}</UniqueIdentifier>
    </Filter>
    <Filter Include="main\05. Object\02. Map\03. Wall">
      <UniqueIdentifier>{72730b0e-24d6-4111-b8f9-280d2f34cdce}</UniqueIdentifier>
    </Filter>
    <Filter Include="main\04. Level\Stage">
      <UniqueIdentifier>{c068a962-1a84-475e-9732-1635aead4e3b}</UniqueIdentifier>
    </Filter>
    <Filter Include="main\04. Level\Stage\StageMaker">
      <UniqueIdentifier>{4b44a1ef-018d-4488-9bc8-c0a43eb3562b}</UniqueIdentifier>
    </Filter>
    <Filter Include="main\06. Component\03. Sticker">
      <UniqueIdentifier>{a8a9fc03-6eba-4ec0-bd73-a7de767c1ed0}</UniqueIdentifier>
    </Filter>
    <Filter Include="main\03. Manager\14. Sticker">
      <UniqueIdentifier>{831362ad-58f0-4d08-845b-eddba49616b9}</UniqueIdentifier>
    </Filter>
    <Filter Include="main\06. Component\04. FSM">
      <UniqueIdentifier>{22928379-ab95-4cdf-9ef7-15e19678dbb6}</UniqueIdentifier>
    </Filter>
    <Filter Include="main\08. State">
      <UniqueIdentifier>{f2df4090-a2a1-478d-afe1-c2ecc4e806b4}</UniqueIdentifier>
    </Filter>
    <Filter Include="main\08. State\Monster">
      <UniqueIdentifier>{560a90b4-e0f8-4231-a25b-3bfbd63855eb}</UniqueIdentifier>
    </Filter>
    <Filter Include="main\08. State\Monster\Idle">
      <UniqueIdentifier>{c247bbed-d7b2-4c14-adc1-4824101bc2e7}</UniqueIdentifier>
    </Filter>
    <Filter Include="main\08. State\Monster\Move">
      <UniqueIdentifier>{407b1121-f7c3-4600-a888-3bae75976949}</UniqueIdentifier>
    </Filter>
    <Filter Include="main\05. Object\05. Player">
      <UniqueIdentifier>{fefdfcbc-947f-4471-9076-b27d6493553b}</UniqueIdentifier>
    </Filter>
    <Filter Include="main\08. State\Monster\Attack">
      <UniqueIdentifier>{0be96157-79f7-48dd-a8ca-e5bc05baae13}</UniqueIdentifier>
    </Filter>
    <Filter Include="main\08. State\Monster\Hurt">
      <UniqueIdentifier>{8a211e2b-18fb-428f-8ffd-303e2e8d0206}</UniqueIdentifier>
    </Filter>
    <Filter Include="main\08. State\Player">
      <UniqueIdentifier>{1023d5d0-4fdb-4dfc-b524-2004090c139d}</UniqueIdentifier>
    </Filter>
    <Filter Include="main\08. State\Player\Idle">
      <UniqueIdentifier>{0f42f23e-af63-4637-bb1f-e7d638f464dd}</UniqueIdentifier>
    </Filter>
    <Filter Include="main\08. State\Player\Walk">
      <UniqueIdentifier>{f55181ec-2a77-4d2b-bfa7-1ec69430fbcc}</UniqueIdentifier>
    </Filter>
    <Filter Include="main\08. State\Player\Run">
      <UniqueIdentifier>{d9c72ffe-5fae-4bfc-8654-127da66775a7}</UniqueIdentifier>
    </Filter>
    <Filter Include="main\08. State\Player\Attack">
      <UniqueIdentifier>{21cbed6e-7877-43cc-9a96-82059eb111c7}</UniqueIdentifier>
    </Filter>
    <Filter Include="main\06. Component\05. RigidBody">
      <UniqueIdentifier>{1aab1101-b249-4532-9704-1b623d92ca45}</UniqueIdentifier>
    </Filter>
  </ItemGroup>
  <ItemGroup>
    <ClInclude Include="pch.h">
      <Filter>default</Filter>
    </ClInclude>
    <ClInclude Include="targetver.h">
      <Filter>default</Filter>
    </ClInclude>
    <ClInclude Include="DNF.h">
      <Filter>default</Filter>
    </ClInclude>
    <ClInclude Include="framework.h">
      <Filter>default</Filter>
    </ClInclude>
    <ClInclude Include="Resource.h">
      <Filter>default</Filter>
    </ClInclude>
    <ClInclude Include="global.h">
      <Filter>main\01. Header</Filter>
    </ClInclude>
    <ClInclude Include="define.h">
      <Filter>main\01. Header</Filter>
    </ClInclude>
    <ClInclude Include="enum.h">
      <Filter>main\01. Header</Filter>
    </ClInclude>
    <ClInclude Include="struct.h">
      <Filter>main\01. Header</Filter>
    </ClInclude>
    <ClInclude Include="CEngine.h">
      <Filter>main\02. Engine</Filter>
    </ClInclude>
    <ClInclude Include="CKeyMgr.h">
      <Filter>main\03. Manager\01. Key</Filter>
    </ClInclude>
    <ClInclude Include="CLevelMgr.h">
      <Filter>main\03. Manager\02. Level</Filter>
    </ClInclude>
    <ClInclude Include="CTimeMgr.h">
      <Filter>main\03. Manager\04. Time</Filter>
    </ClInclude>
    <ClInclude Include="CBase.h">
      <Filter>main\Module</Filter>
    </ClInclude>
    <ClInclude Include="CObj.h">
      <Filter>main\05. Object</Filter>
    </ClInclude>
    <ClInclude Include="CLevel.h">
      <Filter>main\04. Level</Filter>
    </ClInclude>
    <ClInclude Include="CTaskMgr.h">
      <Filter>main\03. Manager\03. Task</Filter>
    </ClInclude>
    <ClInclude Include="function.h">
      <Filter>main\01. Header</Filter>
    </ClInclude>
    <ClInclude Include="CComponent.h">
      <Filter>main\06. Component</Filter>
    </ClInclude>
    <ClInclude Include="CCollider.h">
      <Filter>main\06. Component\01. Collider</Filter>
    </ClInclude>
    <ClInclude Include="CDbgRender.h">
      <Filter>main\03. Manager\05. DebugRender</Filter>
    </ClInclude>
    <ClInclude Include="CSelectGDI.h">
      <Filter>main\Module</Filter>
    </ClInclude>
    <ClInclude Include="CCollisionMgr.h">
      <Filter>main\03. Manager\06. Collision</Filter>
    </ClInclude>
    <ClInclude Include="CResource.h">
      <Filter>main\07. Resource</Filter>
    </ClInclude>
    <ClInclude Include="CTexture.h">
      <Filter>main\07. Resource\01. Texture</Filter>
    </ClInclude>
    <ClInclude Include="CBackground.h">
      <Filter>main\05. Object\02. Map\01. Background</Filter>
    </ClInclude>
    <ClInclude Include="CAlbum.h">
      <Filter>main\07. Resource\02. Album</Filter>
    </ClInclude>
    <ClInclude Include="CAlbumPlayer.h">
      <Filter>main\06. Component\02. AlbumPlayer</Filter>
    </ClInclude>
    <ClInclude Include="function_template.h">
      <Filter>main\01. Header</Filter>
    </ClInclude>
    <ClInclude Include="CNpkMgr.h">
      <Filter>main\03. Manager\07. NPK</Filter>
    </ClInclude>
    <ClInclude Include="CTextureMgr.h">
      <Filter>main\03. Manager\08. Texture</Filter>
    </ClInclude>
    <ClInclude Include="DDSTextureLoader11.h">
      <Filter>main\03. Manager\09.DirectXTex</Filter>
    </ClInclude>
    <ClInclude Include="DirectXTex.h">
      <Filter>main\01. Header</Filter>
    </ClInclude>
    <ClInclude Include="CLevel_Start.h">
      <Filter>main\04. Level\Start</Filter>
    </ClInclude>
    <ClInclude Include="CLevel_Edit.h">
      <Filter>main\04. Level\Edit</Filter>
    </ClInclude>
    <ClInclude Include="CTextMgr.h">
      <Filter>main\03. Manager\10. Text</Filter>
    </ClInclude>
    <ClInclude Include="CCameraMgr.h">
      <Filter>main\03. Manager\11. Camera</Filter>
    </ClInclude>
    <ClInclude Include="CButton.h">
      <Filter>main\05. Object\01.UI\01. Button</Filter>
    </ClInclude>
    <ClInclude Include="CUI.h">
      <Filter>main\05. Object\01.UI</Filter>
    </ClInclude>
    <ClInclude Include="CUIMgr.h">
      <Filter>main\03. Manager\12. UI</Filter>
    </ClInclude>
    <ClInclude Include="DialogProc.h">
      <Filter>main\01. Header</Filter>
    </ClInclude>
    <ClInclude Include="CDungeonMaker.h">
      <Filter>main\04. Level\DungeonMaker</Filter>
    </ClInclude>
    <ClInclude Include="CStage.h">
      <Filter>main\04. Level\Stage</Filter>
    </ClInclude>
    <ClInclude Include="CMonster.h">
      <Filter>main\05. Object\03. Monster</Filter>
    </ClInclude>
    <ClInclude Include="CNPC.h">
      <Filter>main\05. Object\04. NPC</Filter>
    </ClInclude>
    <ClInclude Include="CSoundMgr.h">
      <Filter>main\03. Manager\13. Sound</Filter>
    </ClInclude>
    <ClInclude Include="CSound.h">
      <Filter>main\07. Resource\03. Sound</Filter>
    </ClInclude>
    <ClInclude Include="CPortal.h">
      <Filter>main\05. Object\02. Map\02. Portal</Filter>
    </ClInclude>
    <ClInclude Include="CWall.h">
      <Filter>main\05. Object\02. Map\03. Wall</Filter>
    </ClInclude>
    <ClInclude Include="CStageMaker.h">
      <Filter>main\04. Level\Stage\StageMaker</Filter>
    </ClInclude>
    <ClInclude Include="CSticker.h">
      <Filter>main\06. Component\03. Sticker</Filter>
    </ClInclude>
    <ClInclude Include="CStickerMgr.h">
      <Filter>main\03. Manager\14. Sticker</Filter>
    </ClInclude>
    <ClInclude Include="CFSM.h">
      <Filter>main\06. Component\04. FSM</Filter>
    </ClInclude>
    <ClInclude Include="CState.h">
      <Filter>main\08. State</Filter>
    </ClInclude>
    <ClInclude Include="CMonster_Idle.h">
      <Filter>main\08. State\Monster\Idle</Filter>
    </ClInclude>
    <ClInclude Include="CPlayer.h">
      <Filter>main\05. Object\05. Player</Filter>
    </ClInclude>
    <ClInclude Include="CMonster_Move.h">
      <Filter>main\08. State\Monster\Move</Filter>
    </ClInclude>
    <ClInclude Include="CMonster_Attack.h">
      <Filter>main\08. State\Monster\Attack</Filter>
    </ClInclude>
    <ClInclude Include="CMonster_Hurt.h">
      <Filter>main\08. State\Monster\Hurt</Filter>
    </ClInclude>
    <ClInclude Include="CPlayer_Idle.h">
      <Filter>main\08. State\Player\Idle</Filter>
    </ClInclude>
    <ClInclude Include="CPlayer_Attack.h">
      <Filter>main\08. State\Player\Attack</Filter>
    </ClInclude>
    <ClInclude Include="CPlayer_Run.h">
      <Filter>main\08. State\Player\Run</Filter>
    </ClInclude>
    <ClInclude Include="CPlayer_Walk.h">
      <Filter>main\08. State\Player\Walk</Filter>
    </ClInclude>
    <ClInclude Include="CRigidBody.h">
      <Filter>main\06. Component\05. RigidBody</Filter>
    </ClInclude>
  </ItemGroup>
  <ItemGroup>
    <ClCompile Include="pch.cpp">
      <Filter>default</Filter>
    </ClCompile>
    <ClCompile Include="main.cpp" />
    <ClCompile Include="CEngine.cpp">
      <Filter>main\02. Engine</Filter>
    </ClCompile>
    <ClCompile Include="CKeyMgr.cpp">
      <Filter>main\03. Manager\01. Key</Filter>
    </ClCompile>
    <ClCompile Include="CLevelMgr.cpp">
      <Filter>main\03. Manager\02. Level</Filter>
    </ClCompile>
    <ClCompile Include="CTimeMgr.cpp">
      <Filter>main\03. Manager\04. Time</Filter>
    </ClCompile>
    <ClCompile Include="CBase.cpp">
      <Filter>main\Module</Filter>
    </ClCompile>
    <ClCompile Include="CObj.cpp">
      <Filter>main\05. Object</Filter>
    </ClCompile>
    <ClCompile Include="CLevel.cpp">
      <Filter>main\04. Level</Filter>
    </ClCompile>
    <ClCompile Include="CTaskMgr.cpp">
      <Filter>main\03. Manager\03. Task</Filter>
    </ClCompile>
    <ClCompile Include="function.cpp">
      <Filter>main\01. Header</Filter>
    </ClCompile>
    <ClCompile Include="CComponent.cpp">
      <Filter>main\06. Component</Filter>
    </ClCompile>
    <ClCompile Include="CCollider.cpp">
      <Filter>main\06. Component\01. Collider</Filter>
    </ClCompile>
    <ClCompile Include="CDbgRender.cpp">
      <Filter>main\03. Manager\05. DebugRender</Filter>
    </ClCompile>
    <ClCompile Include="CSelectGDI.cpp">
      <Filter>main\Module</Filter>
    </ClCompile>
    <ClCompile Include="CCollisionMgr.cpp">
      <Filter>main\03. Manager\06. Collision</Filter>
    </ClCompile>
    <ClCompile Include="CResource.cpp">
      <Filter>main\07. Resource</Filter>
    </ClCompile>
    <ClCompile Include="CTexture.cpp">
      <Filter>main\07. Resource\01. Texture</Filter>
    </ClCompile>
    <ClCompile Include="CBackground.cpp">
      <Filter>main\05. Object\02. Map\01. Background</Filter>
    </ClCompile>
    <ClCompile Include="CAlbum.cpp">
      <Filter>main\07. Resource\02. Album</Filter>
    </ClCompile>
    <ClCompile Include="CAlbumPlayer.cpp">
      <Filter>main\06. Component\02. AlbumPlayer</Filter>
    </ClCompile>
    <ClCompile Include="CNpkMgr.cpp">
      <Filter>main\03. Manager\07. NPK</Filter>
    </ClCompile>
    <ClCompile Include="CTextureMgr.cpp">
      <Filter>main\03. Manager\08. Texture</Filter>
    </ClCompile>
    <ClCompile Include="DDSTextureLoader11.cpp">
      <Filter>main\03. Manager\09.DirectXTex</Filter>
    </ClCompile>
    <ClCompile Include="CLevel_Start.cpp">
      <Filter>main\04. Level\Start</Filter>
    </ClCompile>
    <ClCompile Include="CLevel_Edit.cpp">
      <Filter>main\04. Level\Edit</Filter>
    </ClCompile>
    <ClCompile Include="CTextMgr.cpp">
      <Filter>main\03. Manager\10. Text</Filter>
    </ClCompile>
    <ClCompile Include="CCameraMgr.cpp">
      <Filter>main\03. Manager\11. Camera</Filter>
    </ClCompile>
    <ClCompile Include="CButton.cpp">
      <Filter>main\05. Object\01.UI\01. Button</Filter>
    </ClCompile>
    <ClCompile Include="CUI.cpp">
      <Filter>main\05. Object\01.UI</Filter>
    </ClCompile>
    <ClCompile Include="CUIMgr.cpp">
      <Filter>main\03. Manager\12. UI</Filter>
    </ClCompile>
    <ClCompile Include="DialogProc.cpp">
      <Filter>main\01. Header</Filter>
    </ClCompile>
    <ClCompile Include="CDungeonMaker.cpp">
      <Filter>main\04. Level\DungeonMaker</Filter>
    </ClCompile>
    <ClCompile Include="CStage.cpp">
      <Filter>main\04. Level\Stage</Filter>
    </ClCompile>
    <ClCompile Include="CMonster.cpp">
      <Filter>main\05. Object\03. Monster</Filter>
    </ClCompile>
    <ClCompile Include="CNPC.cpp">
      <Filter>main\05. Object\04. NPC</Filter>
    </ClCompile>
    <ClCompile Include="CSoundMgr.cpp">
      <Filter>main\03. Manager\13. Sound</Filter>
    </ClCompile>
    <ClCompile Include="CSound.cpp">
      <Filter>main\07. Resource\03. Sound</Filter>
    </ClCompile>
    <ClCompile Include="CPortal.cpp">
      <Filter>main\05. Object\02. Map\02. Portal</Filter>
    </ClCompile>
    <ClCompile Include="CWall.cpp">
      <Filter>main\05. Object\02. Map\03. Wall</Filter>
    </ClCompile>
    <ClCompile Include="CStageMaker.cpp">
      <Filter>main\04. Level\Stage\StageMaker</Filter>
    </ClCompile>
    <ClCompile Include="CSticker.cpp">
      <Filter>main\06. Component\03. Sticker</Filter>
    </ClCompile>
    <ClCompile Include="CStickerMgr.cpp">
      <Filter>main\03. Manager\14. Sticker</Filter>
    </ClCompile>
    <ClCompile Include="CFSM.cpp">
      <Filter>main\06. Component\04. FSM</Filter>
    </ClCompile>
    <ClCompile Include="CState.cpp">
      <Filter>main\08. State</Filter>
    </ClCompile>
    <ClCompile Include="CMonster_Idle.cpp">
      <Filter>main\08. State\Monster\Idle</Filter>
    </ClCompile>
    <ClCompile Include="CPlayer.cpp">
      <Filter>main\05. Object\05. Player</Filter>
    </ClCompile>
    <ClCompile Include="CMonster_Move.cpp">
      <Filter>main\08. State\Monster\Move</Filter>
    </ClCompile>
    <ClCompile Include="CMonster_Attack.cpp">
      <Filter>main\08. State\Monster\Attack</Filter>
    </ClCompile>
    <ClCompile Include="CMonster_Hurt.cpp">
      <Filter>main\08. State\Monster\Hurt</Filter>
    </ClCompile>
    <ClCompile Include="CPlayer_Idle.cpp">
      <Filter>main\08. State\Player\Idle</Filter>
    </ClCompile>
    <ClCompile Include="CPlayer_Attack.cpp">
      <Filter>main\08. State\Player\Attack</Filter>
    </ClCompile>
    <ClCompile Include="CPlayer_Run.cpp">
      <Filter>main\08. State\Player\Run</Filter>
    </ClCompile>
    <ClCompile Include="CPlayer_Walk.cpp">
      <Filter>main\08. State\Player\Walk</Filter>
    </ClCompile>
    <ClCompile Include="CRigidBody.cpp">
      <Filter>main\06. Component\05. RigidBody</Filter>
    </ClCompile>
  </ItemGroup>
  <ItemGroup>
    <Image Include="DNF.ico">
      <Filter>default</Filter>
    </Image>
    <Image Include="small.ico">
      <Filter>default</Filter>
    </Image>
  </ItemGroup>
  <ItemGroup>
    <ResourceCompile Include="DNF.rc">
      <Filter>default</Filter>
    </ResourceCompile>
  </ItemGroup>
</Project>